
Microsoft Visual Studio Solution File, Format Version 12.00
# Visual Studio Version 17
VisualStudioVersion = 17.13.35825.156 d17.13
MinimumVisualStudioVersion = 10.0.40219.1
Project("{54A90642-561A-4BB1-A94E-469ADEE60C69}") = "ccl.client", "ccl.client\ccl.client.esproj", "{4CDF448D-96B2-B521-61A4-49B1D67D98B4}"
EndProject
Project("{FAE04EC0-301F-11D3-BF4B-00C04F79EFBC}") = "CCL.Server", "CCL.Server\CCL.Server.csproj", "{5BAD017E-BC48-48AE-8736-32D234230CBC}"
EndProject
Project("{FAE04EC0-301F-11D3-BF4B-00C04F79EFBC}") = "CLL.Application", "CLL.Application\CLL.Application.csproj", "{A7077AB8-1413-425C-9EFD-DA7D97C9D83D}"
EndProject
Project("{FAE04EC0-301F-11D3-BF4B-00C04F79EFBC}") = "CLL.Entities", "CLL.Entities\CLL.Entities.csproj", "{156A9604-2A33-4E53-80E1-3133A655F153}"
EndProject
Project("{FAE04EC0-301F-11D3-BF4B-00C04F79EFBC}") = "CLL.Infrastructure", "CLL.Infrastructure\CLL.Infrastructure.csproj", "{CC2BAA7D-182B-4052-A834-02F6BBCF5A44}"
EndProject
Project("{FAE04EC0-301F-11D3-BF4B-00C04F79EFBC}") = "CLL.Domain", "CLL.Domain\CLL.Domain.csproj", "{89DEFF08-984E-4B0E-A114-E5A7F2C853F3}"
EndProject
Global
	GlobalSection(SolutionConfigurationPlatforms) = preSolution
		Debug|Any CPU = Debug|Any CPU
		Release|Any CPU = Release|Any CPU
	EndGlobalSection
	GlobalSection(ProjectConfigurationPlatforms) = postSolution
		{4CDF448D-96B2-B521-61A4-49B1D67D98B4}.Debug|Any CPU.ActiveCfg = Debug|Any CPU
		{4CDF448D-96B2-B521-61A4-49B1D67D98B4}.Debug|Any CPU.Build.0 = Debug|Any CPU
		{4CDF448D-96B2-B521-61A4-49B1D67D98B4}.Debug|Any CPU.Deploy.0 = Debug|Any CPU
		{4CDF448D-96B2-B521-61A4-49B1D67D98B4}.Release|Any CPU.ActiveCfg = Release|Any CPU
		{4CDF448D-96B2-B521-61A4-49B1D67D98B4}.Release|Any CPU.Build.0 = Release|Any CPU
		{4CDF448D-96B2-B521-61A4-49B1D67D98B4}.Release|Any CPU.Deploy.0 = Release|Any CPU
		{5BAD017E-BC48-48AE-8736-32D234230CBC}.Debug|Any CPU.ActiveCfg = Debug|Any CPU
		{5BAD017E-BC48-48AE-8736-32D234230CBC}.Debug|Any CPU.Build.0 = Debug|Any CPU
		{5BAD017E-BC48-48AE-8736-32D234230CBC}.Release|Any CPU.ActiveCfg = Release|Any CPU
		{5BAD017E-BC48-48AE-8736-32D234230CBC}.Release|Any CPU.Build.0 = Release|Any CPU
		{A7077AB8-1413-425C-9EFD-DA7D97C9D83D}.Debug|Any CPU.ActiveCfg = Debug|Any CPU
		{A7077AB8-1413-425C-9EFD-DA7D97C9D83D}.Debug|Any CPU.Build.0 = Debug|Any CPU
		{A7077AB8-1413-425C-9EFD-DA7D97C9D83D}.Release|Any CPU.ActiveCfg = Release|Any CPU
		{A7077AB8-1413-425C-9EFD-DA7D97C9D83D}.Release|Any CPU.Build.0 = Release|Any CPU
		{156A9604-2A33-4E53-80E1-3133A655F153}.Debug|Any CPU.ActiveCfg = Debug|Any CPU
		{156A9604-2A33-4E53-80E1-3133A655F153}.Debug|Any CPU.Build.0 = Debug|Any CPU
		{156A9604-2A33-4E53-80E1-3133A655F153}.Release|Any CPU.ActiveCfg = Release|Any CPU
		{156A9604-2A33-4E53-80E1-3133A655F153}.Release|Any CPU.Build.0 = Release|Any CPU
		{CC2BAA7D-182B-4052-A834-02F6BBCF5A44}.Debug|Any CPU.ActiveCfg = Debug|Any CPU
		{CC2BAA7D-182B-4052-A834-02F6BBCF5A44}.Debug|Any CPU.Build.0 = Debug|Any CPU
		{CC2BAA7D-182B-4052-A834-02F6BBCF5A44}.Release|Any CPU.ActiveCfg = Release|Any CPU
		{CC2BAA7D-182B-4052-A834-02F6BBCF5A44}.Release|Any CPU.Build.0 = Release|Any CPU
		{89DEFF08-984E-4B0E-A114-E5A7F2C853F3}.Debug|Any CPU.ActiveCfg = Debug|Any CPU
		{89DEFF08-984E-4B0E-A114-E5A7F2C853F3}.Debug|Any CPU.Build.0 = Debug|Any CPU
		{89DEFF08-984E-4B0E-A114-E5A7F2C853F3}.Release|Any CPU.ActiveCfg = Release|Any CPU
		{89DEFF08-984E-4B0E-A114-E5A7F2C853F3}.Release|Any CPU.Build.0 = Release|Any CPU
	EndGlobalSection
	GlobalSection(SolutionProperties) = preSolution
		HideSolutionNode = FALSE
	EndGlobalSection
	GlobalSection(ExtensibilityGlobals) = postSolution
		SolutionGuid = {4BAC6B05-5091-474C-9DEF-CF6DF965EB1B}
	EndGlobalSection
EndGlobal
